
Microsoft Visual Studio Solution File, Format Version 12.00
# Visual Studio Version 17
VisualStudioVersion = 17.5.33424.131
MinimumVisualStudioVersion = 10.0.40219.1
Project("{FAE04EC0-301F-11D3-BF4B-00C04F79EFBC}") = "Homework-4", "Homework-4\Homework-4.csproj", "{FF466BC8-DF64-469C-9DF0-FC98597791DE}"
EndProject
Global
	GlobalSection(SolutionConfigurationPlatforms) = preSolution
		Debug|Any CPU = Debug|Any CPU
		Release|Any CPU = Release|Any CPU
	EndGlobalSection
	GlobalSection(ProjectConfigurationPlatforms) = postSolution
		{FF466BC8-DF64-469C-9DF0-FC98597791DE}.Debug|Any CPU.ActiveCfg = Debug|Any CPU
		{FF466BC8-DF64-469C-9DF0-FC98597791DE}.Debug|Any CPU.Build.0 = Debug|Any CPU
		{FF466BC8-DF64-469C-9DF0-FC98597791DE}.Release|Any CPU.ActiveCfg = Release|Any CPU
		{FF466BC8-DF64-469C-9DF0-FC98597791DE}.Release|Any CPU.Build.0 = Release|Any CPU
	EndGlobalSection
	GlobalSection(SolutionProperties) = preSolution
		HideSolutionNode = FALSE
	EndGlobalSection
	GlobalSection(ExtensibilityGlobals) = postSolution
		SolutionGuid = {1194D14A-9AA4-4F7B-81C9-5D813A6BEB3B}
	EndGlobalSection
EndGlobal
